// !$*UTF8*$!
{
	archiveVersion = 1;
	classes = {
	};
	objectVersion = 77;
	objects = {

/* Begin PBXBuildFile section */
		719F6F972E6F752500053A0F /* MLX in Frameworks */ = {isa = PBXBuildFile; productRef = 719F6F962E6F752500053A0F /* MLX */; };
		719F6F992E6F752500053A0F /* MLXFFT in Frameworks */ = {isa = PBXBuildFile; productRef = 719F6F982E6F752500053A0F /* MLXFFT */; };
		719F6F9B2E6F752500053A0F /* MLXFast in Frameworks */ = {isa = PBXBuildFile; productRef = 719F6F9A2E6F752500053A0F /* MLXFast */; };
		719F6F9D2E6F752500053A0F /* MLXLinalg in Frameworks */ = {isa = PBXBuildFile; productRef = 719F6F9C2E6F752500053A0F /* MLXLinalg */; };
		719F6F9F2E6F752500053A0F /* MLXNN in Frameworks */ = {isa = PBXBuildFile; productRef = 719F6F9E2E6F752500053A0F /* MLXNN */; };
		719F6FA22E6F767400053A0F /* MLXLLM in Frameworks */ = {isa = PBXBuildFile; productRef = 719F6FA12E6F767400053A0F /* MLXLLM */; };
		719F6FA42E6F767400053A0F /* MLXLMCommon in Frameworks */ = {isa = PBXBuildFile; productRef = 719F6FA32E6F767400053A0F /* MLXLMCommon */; };
		71BB4C682E7155F300DC5284 /* ComposableArchitecture in Frameworks */ = {isa = PBXBuildFile; productRef = 71BB4C672E7155F300DC5284 /* ComposableArchitecture */; };
		71BB4D4A2E71919D00DC5284 /* Launch Screen.storyboard in Resources */ = {isa = PBXBuildFile; fileRef = 71BB4D492E71919D00DC5284 /* Launch Screen.storyboard */; };
		71BB4D4D2E7195C900DC5284 /* SwiftHelper in Frameworks */ = {isa = PBXBuildFile; productRef = 71BB4D4C2E7195C900DC5284 /* SwiftHelper */; };
/* End PBXBuildFile section */

/* Begin PBXFileReference section */
		71BB4D492E71919D00DC5284 /* Launch Screen.storyboard */ = {isa = PBXFileReference; lastKnownFileType = file.storyboard; path = "Launch Screen.storyboard"; sourceTree = "<group>"; };
		71ECE2822E6F5EB800F310A3 /* llamacare.app */ = {isa = PBXFileReference; explicitFileType = wrapper.application; includeInIndex = 0; path = llamacare.app; sourceTree = BUILT_PRODUCTS_DIR; };
/* End PBXFileReference section */

/* Begin PBXFileSystemSynchronizedRootGroup section */
		71ECE2842E6F5EB800F310A3 /* llamacare */ = {
			isa = PBXFileSystemSynchronizedRootGroup;
			path = llamacare;
			sourceTree = "<group>";
		};
/* End PBXFileSystemSynchronizedRootGroup section */

/* Begin PBXFrameworksBuildPhase section */
		71ECE27F2E6F5EB800F310A3 /* Frameworks */ = {
			isa = PBXFrameworksBuildPhase;
			buildActionMask = 2147483647;
			files = (
				719F6FA22E6F767400053A0F /* MLXLLM in Frameworks */,
				719F6F9B2E6F752500053A0F /* MLXFast in Frameworks */,
				719F6F9D2E6F752500053A0F /* MLXLinalg in Frameworks */,
				719F6F972E6F752500053A0F /* MLX in Frameworks */,
				71BB4D4D2E7195C900DC5284 /* SwiftHelper in Frameworks */,
				719F6F9F2E6F752500053A0F /* MLXNN in Frameworks */,
				719F6F992E6F752500053A0F /* MLXFFT in Frameworks */,
				71BB4C682E7155F300DC5284 /* ComposableArchitecture in Frameworks */,
				719F6FA42E6F767400053A0F /* MLXLMCommon in Frameworks */,
			);
			runOnlyForDeploymentPostprocessing = 0;
		};
/* End PBXFrameworksBuildPhase section */

/* Begin PBXGroup section */
		71ECE2792E6F5EB800F310A3 = {
			isa = PBXGroup;
			children = (
				71BB4D492E71919D00DC5284 /* Launch Screen.storyboard */,
				71ECE2842E6F5EB800F310A3 /* llamacare */,
				71ECE2832E6F5EB800F310A3 /* Products */,
			);
			sourceTree = "<group>";
		};
		71ECE2832E6F5EB800F310A3 /* Products */ = {
			isa = PBXGroup;
			children = (
				71ECE2822E6F5EB800F310A3 /* llamacare.app */,
			);
			name = Products;
			sourceTree = "<group>";
		};
/* End PBXGroup section */

/* Begin PBXNativeTarget section */
		71ECE2812E6F5EB800F310A3 /* llamacare */ = {
			isa = PBXNativeTarget;
			buildConfigurationList = 71ECE2902E6F5EB900F310A3 /* Build configuration list for PBXNativeTarget "llamacare" */;
			buildPhases = (
				71ECE27E2E6F5EB800F310A3 /* Sources */,
				71ECE27F2E6F5EB800F310A3 /* Frameworks */,
				71ECE2802E6F5EB800F310A3 /* Resources */,
			);
			buildRules = (
			);
			dependencies = (
			);
			fileSystemSynchronizedGroups = (
				71ECE2842E6F5EB800F310A3 /* llamacare */,
			);
			name = llamacare;
			packageProductDependencies = (
				719F6F962E6F752500053A0F /* MLX */,
				719F6F982E6F752500053A0F /* MLXFFT */,
				719F6F9A2E6F752500053A0F /* MLXFast */,
				719F6F9C2E6F752500053A0F /* MLXLinalg */,
				719F6F9E2E6F752500053A0F /* MLXNN */,
				719F6FA12E6F767400053A0F /* MLXLLM */,
				719F6FA32E6F767400053A0F /* MLXLMCommon */,
				71BB4C672E7155F300DC5284 /* ComposableArchitecture */,
				71BB4D4C2E7195C900DC5284 /* SwiftHelper */,
			);
			productName = llamacare;
			productReference = 71ECE2822E6F5EB800F310A3 /* llamacare.app */;
			productType = "com.apple.product-type.application";
		};
/* End PBXNativeTarget section */

/* Begin PBXProject section */
		71ECE27A2E6F5EB800F310A3 /* Project object */ = {
			isa = PBXProject;
			attributes = {
				BuildIndependentTargetsInParallel = 1;
				LastSwiftUpdateCheck = 1620;
				LastUpgradeCheck = 2600;
				TargetAttributes = {
					71ECE2812E6F5EB800F310A3 = {
						CreatedOnToolsVersion = 16.2;
					};
				};
			};
			buildConfigurationList = 71ECE27D2E6F5EB800F310A3 /* Build configuration list for PBXProject "llamacare" */;
			developmentRegion = en;
			hasScannedForEncodings = 0;
			knownRegions = (
				en,
				Base,
			);
			mainGroup = 71ECE2792E6F5EB800F310A3;
			minimizedProjectReferenceProxies = 1;
			packageReferences = (
				719F6F952E6F752500053A0F /* XCRemoteSwiftPackageReference "mlx-swift" */,
				719F6FA02E6F767400053A0F /* XCRemoteSwiftPackageReference "mlx-swift-examples" */,
				71BB4C662E7155F300DC5284 /* XCRemoteSwiftPackageReference "swift-composable-architecture" */,
				71BB4D4B2E7195C900DC5284 /* XCRemoteSwiftPackageReference "SwiftHelper" */,
			);
			preferredProjectObjectVersion = 77;
			productRefGroup = 71ECE2832E6F5EB800F310A3 /* Products */;
			projectDirPath = "";
			projectRoot = "";
			targets = (
				71ECE2812E6F5EB800F310A3 /* llamacare */,
			);
		};
/* End PBXProject section */

/* Begin PBXResourcesBuildPhase section */
		71ECE2802E6F5EB800F310A3 /* Resources */ = {
			isa = PBXResourcesBuildPhase;
			buildActionMask = 2147483647;
			files = (
				71BB4D4A2E71919D00DC5284 /* Launch Screen.storyboard in Resources */,
			);
			runOnlyForDeploymentPostprocessing = 0;
		};
/* End PBXResourcesBuildPhase section */

/* Begin PBXSourcesBuildPhase section */
		71ECE27E2E6F5EB800F310A3 /* Sources */ = {
			isa = PBXSourcesBuildPhase;
			buildActionMask = 2147483647;
			files = (
			);
			runOnlyForDeploymentPostprocessing = 0;
		};
/* End PBXSourcesBuildPhase section */

/* Begin XCBuildConfiguration section */
		71ECE28E2E6F5EB900F310A3 /* Debug */ = {
			isa = XCBuildConfiguration;
			buildSettings = {
				ALWAYS_SEARCH_USER_PATHS = NO;
				ASSETCATALOG_COMPILER_GENERATE_SWIFT_ASSET_SYMBOL_EXTENSIONS = YES;
				CLANG_ANALYZER_NONNULL = YES;
				CLANG_ANALYZER_NUMBER_OBJECT_CONVERSION = YES_AGGRESSIVE;
				CLANG_CXX_LANGUAGE_STANDARD = "gnu++20";
				CLANG_ENABLE_MODULES = YES;
				CLANG_ENABLE_OBJC_ARC = YES;
				CLANG_ENABLE_OBJC_WEAK = YES;
				CLANG_WARN_BLOCK_CAPTURE_AUTORELEASING = YES;
				CLANG_WARN_BOOL_CONVERSION = YES;
				CLANG_WARN_COMMA = YES;
				CLANG_WARN_CONSTANT_CONVERSION = YES;
				CLANG_WARN_DEPRECATED_OBJC_IMPLEMENTATIONS = YES;
				CLANG_WARN_DIRECT_OBJC_ISA_USAGE = YES_ERROR;
				CLANG_WARN_DOCUMENTATION_COMMENTS = YES;
				CLANG_WARN_EMPTY_BODY = YES;
				CLANG_WARN_ENUM_CONVERSION = YES;
				CLANG_WARN_INFINITE_RECURSION = YES;
				CLANG_WARN_INT_CONVERSION = YES;
				CLANG_WARN_NON_LITERAL_NULL_CONVERSION = YES;
				CLANG_WARN_OBJC_IMPLICIT_RETAIN_SELF = YES;
				CLANG_WARN_OBJC_LITERAL_CONVERSION = YES;
				CLANG_WARN_OBJC_ROOT_CLASS = YES_ERROR;
				CLANG_WARN_QUOTED_INCLUDE_IN_FRAMEWORK_HEADER = YES;
				CLANG_WARN_RANGE_LOOP_ANALYSIS = YES;
				CLANG_WARN_STRICT_PROTOTYPES = YES;
				CLANG_WARN_SUSPICIOUS_MOVE = YES;
				CLANG_WARN_UNGUARDED_AVAILABILITY = YES_AGGRESSIVE;
				CLANG_WARN_UNREACHABLE_CODE = YES;
				CLANG_WARN__DUPLICATE_METHOD_MATCH = YES;
				COPY_PHASE_STRIP = NO;
				DEBUG_INFORMATION_FORMAT = dwarf;
				DEVELOPMENT_TEAM = 7UZH6B548Y;
				ENABLE_STRICT_OBJC_MSGSEND = YES;
				ENABLE_TESTABILITY = YES;
				ENABLE_USER_SCRIPT_SANDBOXING = YES;
				GCC_C_LANGUAGE_STANDARD = gnu17;
				GCC_DYNAMIC_NO_PIC = NO;
				GCC_NO_COMMON_BLOCKS = YES;
				GCC_OPTIMIZATION_LEVEL = 0;
				GCC_PREPROCESSOR_DEFINITIONS = (
					"DEBUG=1",
					"$(inherited)",
				);
				GCC_WARN_64_TO_32_BIT_CONVERSION = YES;
				GCC_WARN_ABOUT_RETURN_TYPE = YES_ERROR;
				GCC_WARN_UNDECLARED_SELECTOR = YES;
				GCC_WARN_UNINITIALIZED_AUTOS = YES_AGGRESSIVE;
				GCC_WARN_UNUSED_FUNCTION = YES;
				GCC_WARN_UNUSED_VARIABLE = YES;
				IPHONEOS_DEPLOYMENT_TARGET = 18.2;
				LOCALIZATION_PREFERS_STRING_CATALOGS = YES;
				MTL_ENABLE_DEBUG_INFO = INCLUDE_SOURCE;
				MTL_FAST_MATH = YES;
				ONLY_ACTIVE_ARCH = YES;
				SDKROOT = iphoneos;
				STRING_CATALOG_GENERATE_SYMBOLS = YES;
				SWIFT_ACTIVE_COMPILATION_CONDITIONS = "DEBUG $(inherited)";
				SWIFT_OPTIMIZATION_LEVEL = "-Onone";
			};
			name = Debug;
		};
		71ECE28F2E6F5EB900F310A3 /* Release */ = {
			isa = XCBuildConfiguration;
			buildSettings = {
				ALWAYS_SEARCH_USER_PATHS = NO;
				ASSETCATALOG_COMPILER_GENERATE_SWIFT_ASSET_SYMBOL_EXTENSIONS = YES;
				CLANG_ANALYZER_NONNULL = YES;
				CLANG_ANALYZER_NUMBER_OBJECT_CONVERSION = YES_AGGRESSIVE;
				CLANG_CXX_LANGUAGE_STANDARD = "gnu++20";
				CLANG_ENABLE_MODULES = YES;
				CLANG_ENABLE_OBJC_ARC = YES;
				CLANG_ENABLE_OBJC_WEAK = YES;
				CLANG_WARN_BLOCK_CAPTURE_AUTORELEASING = YES;
				CLANG_WARN_BOOL_CONVERSION = YES;
				CLANG_WARN_COMMA = YES;
				CLANG_WARN_CONSTANT_CONVERSION = YES;
				CLANG_WARN_DEPRECATED_OBJC_IMPLEMENTATIONS = YES;
				CLANG_WARN_DIRECT_OBJC_ISA_USAGE = YES_ERROR;
				CLANG_WARN_DOCUMENTATION_COMMENTS = YES;
				CLANG_WARN_EMPTY_BODY = YES;
				CLANG_WARN_ENUM_CONVERSION = YES;
				CLANG_WARN_INFINITE_RECURSION = YES;
				CLANG_WARN_INT_CONVERSION = YES;
				CLANG_WARN_NON_LITERAL_NULL_CONVERSION = YES;
				CLANG_WARN_OBJC_IMPLICIT_RETAIN_SELF = YES;
				CLANG_WARN_OBJC_LITERAL_CONVERSION = YES;
				CLANG_WARN_OBJC_ROOT_CLASS = YES_ERROR;
				CLANG_WARN_QUOTED_INCLUDE_IN_FRAMEWORK_HEADER = YES;
				CLANG_WARN_RANGE_LOOP_ANALYSIS = YES;
				CLANG_WARN_STRICT_PROTOTYPES = YES;
				CLANG_WARN_SUSPICIOUS_MOVE = YES;
				CLANG_WARN_UNGUARDED_AVAILABILITY = YES_AGGRESSIVE;
				CLANG_WARN_UNREACHABLE_CODE = YES;
				CLANG_WARN__DUPLICATE_METHOD_MATCH = YES;
				COPY_PHASE_STRIP = NO;
				DEBUG_INFORMATION_FORMAT = "dwarf-with-dsym";
				DEVELOPMENT_TEAM = 7UZH6B548Y;
				ENABLE_NS_ASSERTIONS = NO;
				ENABLE_STRICT_OBJC_MSGSEND = YES;
				ENABLE_USER_SCRIPT_SANDBOXING = YES;
				GCC_C_LANGUAGE_STANDARD = gnu17;
				GCC_NO_COMMON_BLOCKS = YES;
				GCC_WARN_64_TO_32_BIT_CONVERSION = YES;
				GCC_WARN_ABOUT_RETURN_TYPE = YES_ERROR;
				GCC_WARN_UNDECLARED_SELECTOR = YES;
				GCC_WARN_UNINITIALIZED_AUTOS = YES_AGGRESSIVE;
				GCC_WARN_UNUSED_FUNCTION = YES;
				GCC_WARN_UNUSED_VARIABLE = YES;
				IPHONEOS_DEPLOYMENT_TARGET = 18.2;
				LOCALIZATION_PREFERS_STRING_CATALOGS = YES;
				MTL_ENABLE_DEBUG_INFO = NO;
				MTL_FAST_MATH = YES;
				SDKROOT = iphoneos;
				STRING_CATALOG_GENERATE_SYMBOLS = YES;
				SWIFT_COMPILATION_MODE = wholemodule;
				VALIDATE_PRODUCT = YES;
			};
			name = Release;
		};
		71ECE2912E6F5EB900F310A3 /* Debug */ = {
			isa = XCBuildConfiguration;
			buildSettings = {
				ASSETCATALOG_COMPILER_APPICON_NAME = AppIcon;
				ASSETCATALOG_COMPILER_GLOBAL_ACCENT_COLOR_NAME = AccentColor;
				CODE_SIGN_STYLE = Automatic;
				CURRENT_PROJECT_VERSION = 1;
				DEVELOPMENT_ASSET_PATHS = "\"llamacare/Preview Content\"";
				ENABLE_PREVIEWS = YES;
				GENERATE_INFOPLIST_FILE = YES;
				INFOPLIST_KEY_CFBundleDisplayName = LlamaCare;
				INFOPLIST_KEY_ITSAppUsesNonExemptEncryption = NO;
				INFOPLIST_KEY_UIApplicationSceneManifest_Generation = YES;
				INFOPLIST_KEY_UIApplicationSupportsIndirectInputEvents = YES;
				INFOPLIST_KEY_UILaunchScreen_Generation = YES;
				INFOPLIST_KEY_UILaunchStoryboardName = "Launch Screen";
				INFOPLIST_KEY_UISupportedInterfaceOrientations = UIInterfaceOrientationPortrait;
				INFOPLIST_KEY_UISupportedInterfaceOrientations_iPad = "UIInterfaceOrientationLandscapeLeft UIInterfaceOrientationLandscapeRight UIInterfaceOrientationPortrait UIInterfaceOrientationPortraitUpsideDown";
				LD_RUNPATH_SEARCH_PATHS = (
					"$(inherited)",
					"@executable_path/Frameworks",
				);
				MARKETING_VERSION = 1.0;
				PRODUCT_BUNDLE_IDENTIFIER = com.ebucelik.llamacare;
				PRODUCT_NAME = "$(TARGET_NAME)";
				SUPPORTED_PLATFORMS = "iphoneos iphonesimulator";
				SUPPORTS_MACCATALYST = NO;
				SUPPORTS_MAC_DESIGNED_FOR_IPHONE_IPAD = NO;
				SUPPORTS_XR_DESIGNED_FOR_IPHONE_IPAD = NO;
				SWIFT_EMIT_LOC_STRINGS = YES;
				SWIFT_VERSION = 5.0;
				TARGETED_DEVICE_FAMILY = 1;
			};
			name = Debug;
		};
		71ECE2922E6F5EB900F310A3 /* Release */ = {
			isa = XCBuildConfiguration;
			buildSettings = {
				ASSETCATALOG_COMPILER_APPICON_NAME = AppIcon;
				ASSETCATALOG_COMPILER_GLOBAL_ACCENT_COLOR_NAME = AccentColor;
				CODE_SIGN_STYLE = Automatic;
				CURRENT_PROJECT_VERSION = 1;
				DEVELOPMENT_ASSET_PATHS = "\"llamacare/Preview Content\"";
				ENABLE_PREVIEWS = YES;
				GENERATE_INFOPLIST_FILE = YES;
				INFOPLIST_KEY_CFBundleDisplayName = LlamaCare;
				INFOPLIST_KEY_ITSAppUsesNonExemptEncryption = NO;
				INFOPLIST_KEY_UIApplicationSceneManifest_Generation = YES;
				INFOPLIST_KEY_UIApplicationSupportsIndirectInputEvents = YES;
				INFOPLIST_KEY_UILaunchScreen_Generation = YES;
				INFOPLIST_KEY_UILaunchStoryboardName = "Launch Screen";
				INFOPLIST_KEY_UISupportedInterfaceOrientations = UIInterfaceOrientationPortrait;
				INFOPLIST_KEY_UISupportedInterfaceOrientations_iPad = "UIInterfaceOrientationLandscapeLeft UIInterfaceOrientationLandscapeRight UIInterfaceOrientationPortrait UIInterfaceOrientationPortraitUpsideDown";
				LD_RUNPATH_SEARCH_PATHS = (
					"$(inherited)",
					"@executable_path/Frameworks",
				);
				MARKETING_VERSION = 1.0;
				PRODUCT_BUNDLE_IDENTIFIER = com.ebucelik.llamacare;
				PRODUCT_NAME = "$(TARGET_NAME)";
				SUPPORTED_PLATFORMS = "iphoneos iphonesimulator";
				SUPPORTS_MACCATALYST = NO;
				SUPPORTS_MAC_DESIGNED_FOR_IPHONE_IPAD = NO;
				SUPPORTS_XR_DESIGNED_FOR_IPHONE_IPAD = NO;
				SWIFT_EMIT_LOC_STRINGS = YES;
				SWIFT_VERSION = 5.0;
				TARGETED_DEVICE_FAMILY = 1;
			};
			name = Release;
		};
/* End XCBuildConfiguration section */

/* Begin XCConfigurationList section */
		71ECE27D2E6F5EB800F310A3 /* Build configuration list for PBXProject "llamacare" */ = {
			isa = XCConfigurationList;
			buildConfigurations = (
				71ECE28E2E6F5EB900F310A3 /* Debug */,
				71ECE28F2E6F5EB900F310A3 /* Release */,
			);
			defaultConfigurationIsVisible = 0;
			defaultConfigurationName = Release;
		};
		71ECE2902E6F5EB900F310A3 /* Build configuration list for PBXNativeTarget "llamacare" */ = {
			isa = XCConfigurationList;
			buildConfigurations = (
				71ECE2912E6F5EB900F310A3 /* Debug */,
				71ECE2922E6F5EB900F310A3 /* Release */,
			);
			defaultConfigurationIsVisible = 0;
			defaultConfigurationName = Release;
		};
/* End XCConfigurationList section */

/* Begin XCRemoteSwiftPackageReference section */
		719F6F952E6F752500053A0F /* XCRemoteSwiftPackageReference "mlx-swift" */ = {
			isa = XCRemoteSwiftPackageReference;
			repositoryURL = "https://github.com/ml-explore/mlx-swift.git";
			requirement = {
				kind = upToNextMajorVersion;
				minimumVersion = 0.25.6;
			};
		};
		719F6FA02E6F767400053A0F /* XCRemoteSwiftPackageReference "mlx-swift-examples" */ = {
			isa = XCRemoteSwiftPackageReference;
			repositoryURL = "https://github.com/ml-explore/mlx-swift-examples.git";
			requirement = {
				kind = upToNextMajorVersion;
				minimumVersion = 2.25.7;
			};
		};
		71BB4C662E7155F300DC5284 /* XCRemoteSwiftPackageReference "swift-composable-architecture" */ = {
			isa = XCRemoteSwiftPackageReference;
			repositoryURL = "https://github.com/pointfreeco/swift-composable-architecture";
			requirement = {
				kind = upToNextMajorVersion;
				minimumVersion = 1.22.2;
			};
		};
		71BB4D4B2E7195C900DC5284 /* XCRemoteSwiftPackageReference "SwiftHelper" */ = {
			isa = XCRemoteSwiftPackageReference;
			repositoryURL = "https://github.com/ebucelik/SwiftHelper.git";
			requirement = {
				kind = upToNextMajorVersion;
				minimumVersion = 1.0.2;
			};
		};
/* End XCRemoteSwiftPackageReference section */

/* Begin XCSwiftPackageProductDependency section */
		719F6F962E6F752500053A0F /* MLX */ = {
			isa = XCSwiftPackageProductDependency;
			package = 719F6F952E6F752500053A0F /* XCRemoteSwiftPackageReference "mlx-swift" */;
			productName = MLX;
		};
		719F6F982E6F752500053A0F /* MLXFFT */ = {
			isa = XCSwiftPackageProductDependency;
			package = 719F6F952E6F752500053A0F /* XCRemoteSwiftPackageReference "mlx-swift" */;
			productName = MLXFFT;
		};
		719F6F9A2E6F752500053A0F /* MLXFast */ = {
			isa = XCSwiftPackageProductDependency;
			package = 719F6F952E6F752500053A0F /* XCRemoteSwiftPackageReference "mlx-swift" */;
			productName = MLXFast;
		};
		719F6F9C2E6F752500053A0F /* MLXLinalg */ = {
			isa = XCSwiftPackageProductDependency;
			package = 719F6F952E6F752500053A0F /* XCRemoteSwiftPackageReference "mlx-swift" */;
			productName = MLXLinalg;
		};
		719F6F9E2E6F752500053A0F /* MLXNN */ = {
			isa = XCSwiftPackageProductDependency;
			package = 719F6F952E6F752500053A0F /* XCRemoteSwiftPackageReference "mlx-swift" */;
			productName = MLXNN;
		};
		719F6FA12E6F767400053A0F /* MLXLLM */ = {
			isa = XCSwiftPackageProductDependency;
			package = 719F6FA02E6F767400053A0F /* XCRemoteSwiftPackageReference "mlx-swift-examples" */;
			productName = MLXLLM;
		};
		719F6FA32E6F767400053A0F /* MLXLMCommon */ = {
			isa = XCSwiftPackageProductDependency;
			package = 719F6FA02E6F767400053A0F /* XCRemoteSwiftPackageReference "mlx-swift-examples" */;
			productName = MLXLMCommon;
		};
		71BB4C672E7155F300DC5284 /* ComposableArchitecture */ = {
			isa = XCSwiftPackageProductDependency;
			package = 71BB4C662E7155F300DC5284 /* XCRemoteSwiftPackageReference "swift-composable-architecture" */;
			productName = ComposableArchitecture;
		};
		71BB4D4C2E7195C900DC5284 /* SwiftHelper */ = {
			isa = XCSwiftPackageProductDependency;
			package = 71BB4D4B2E7195C900DC5284 /* XCRemoteSwiftPackageReference "SwiftHelper" */;
			productName = SwiftHelper;
		};
/* End XCSwiftPackageProductDependency section */
	};
	rootObject = 71ECE27A2E6F5EB800F310A3 /* Project object */;
}
